{
  "name": "kokoro-tts-server",
  "version": "1.0.0",
  "lockfileVersion": 3,
  "requires": true,
  "packages": {
    "": {
      "name": "kokoro-tts-server",
      "version": "1.0.0",
      "dependencies": {
        "sherpa-onnx-node": "^1.13.7"
      }
    },
    "node_modules/sherpa-onnx-darwin-arm64": {
      "version": "1.13.7",
      "resolved": "https://registry.npmjs.org/sherpa-onnx-darwin-arm64/-/sherpa-onnx-darwin-arm64-1.13.7.tgz",
      "integrity": "sha512-5NCE50hAvr3n2pdett0SgfPBJXaFZE0bqHwbHyiq+IKZ8Ids0l4M0VrG+ImGYIafCwie+oC3uAJ+pKj9xg/k+w==",
      "cpu": [
        "arm64"
      ],
      "license": "Apache-2.0",
      "optional": true,
      "os": [
        "darwin"
      ]
    },
    "node_modules/sherpa-onnx-darwin-x64": {
      "version": "1.13.7",
      "resolved": "https://registry.npmjs.org/sherpa-onnx-darwin-x64/-/sherpa-onnx-darwin-x64-1.13.7.tgz",
      "integrity": "sha512-N3o+T+wn9WaQmsKV5DD8bTHdo+WN2+sXwmZcGJZiDjtOMR2zFz7uVCZnYCmEAMgvChC+oHcF5RvEEKcRCAu6Pw==",
      "cpu": [
        "x64"
      ],
      "license": "Apache-2.0",
      "optional": true,
      "os": [
        "darwin"
      ]
    },
    "node_modules/sherpa-onnx-linux-arm64": {
      "version": "1.13.7",
      "resolved": "https://registry.npmjs.org/sherpa-onnx-linux-arm64/-/sherpa-onnx-linux-arm64-1.13.7.tgz",
      "integrity": "sha512-TFCVpXyTh69buhOtTS8KIfkRXOVKY4Y1qjAktSItrKS4A0chnnrlXO5bKWoNAPeI6fMxTF/uvMYbYgcvjEMfNg==",
      "cpu": [
        "arm64"
      ],
      "license": "Apache-2.0",
      "optional": true,
      "os": [
        "linux"
      ]
    },
    "node_modules/sherpa-onnx-linux-x64": {
      "version": "1.13.7",
      "resolved": "https://registry.npmjs.org/sherpa-onnx-linux-x64/-/sherpa-onnx-linux-x64-1.13.7.tgz",
      "integrity": "sha512-npmxn5WwmAmlthgBhmbZ33t3i2j4mJwQt46dMEb3j7d41y1/uJrjrVAfa/DkvV+vn49ZWfcQ2UEWDipaZBVhuw==",
      "cpu": [
        "x64"
      ],
      "license": "Apache-2.0",
      "optional": true,
      "os": [
        "linux"
      ]
    },
    "node_modules/sherpa-onnx-node": {
      "version": "1.13.7",
      "resolved": "https://registry.npmjs.org/sherpa-onnx-node/-/sherpa-onnx-node-1.13.7.tgz",
      "integrity": "sha512-0XGV7arGngBCnol0m8OLyqlnaUm19Q1KmetVj1DDBdymXa1upmAHZDwNdN47gjsEhqE5hXUEyc1vRQoXrNhNVg==",
      "license": "Apache-2.0",
      "optionalDependencies": {
        "sherpa-onnx-darwin-arm64": "^1.13.7",
        "sherpa-onnx-darwin-x64": "^1.13.7",
        "sherpa-onnx-linux-arm64": "^1.13.7",
        "sherpa-onnx-linux-x64": "^1.13.7",
        "sherpa-onnx-win-ia32": "^1.13.7",
        "sherpa-onnx-win-x64": "^1.13.7"
      }
    },
    "node_modules/sherpa-onnx-win-ia32": {
      "version": "1.13.7",
      "resolved": "https://registry.npmjs.org/sherpa-onnx-win-ia32/-/sherpa-onnx-win-ia32-1.13.7.tgz",
      "integrity": "sha512-sTwtpxPQ76XLn0giAbvknIDEDKD3XXi2mo2AVROEucf1pIK1DjQl+LjLkalTeFoQqbC4J3xGx/g+xgcHQD1dsw==",
      "cpu": [
        "ia32"
      ],
      "license": "Apache-2.0",
      "optional": true,
      "os": [
        "win32"
      ]
    },
    "node_modules/sherpa-onnx-win-x64": {
      "version": "1.13.7",
      "resolved": "https://registry.npmjs.org/sherpa-onnx-win-x64/-/sherpa-onnx-win-x64-1.13.7.tgz",
      "integrity": "sha512-wBV1o+/zgsMrOjfCFIgGrH6S28xq6CqRCLSavCOjTZ6cqr80yGc07DUHxqsHFPZvfoJU+2JF5L2l3gyWFWoWdQ==",
      "cpu": [
        "x64"
      ],
      "license": "Apache-2.0",
      "optional": true,
      "os": [
        "win32"
      ]
    }
  }
}
